// !$*UTF8*$!
{
	archiveVersion = 1;
	classes = {
	};
	objectVersion = 51;
	objects = {

/* Begin PBXBuildFile section */
		9F03FFD9233331B0004C73F7 /* GoogleService-Info.plist in Resources */ = {isa = PBXBuildFile; fileRef = 9F03FFD8233331B0004C73F7 /* GoogleService-Info.plist */; };
		9F9698DB23384A1F00A2A848 /* CustomAllChatCell.swift in Sources */ = {isa = PBXBuildFile; fileRef = 9F9698D923384A1F00A2A848 /* CustomAllChatCell.swift */; };
		9F9698DC23384A1F00A2A848 /* CustomAllChatCell.xib in Resources */ = {isa = PBXBuildFile; fileRef = 9F9698DA23384A1F00A2A848 /* CustomAllChatCell.xib */; };
		9F9698E02338554A00A2A848 /* ChatList.swift in Sources */ = {isa = PBXBuildFile; fileRef = 9F9698DF2338554A00A2A848 /* ChatList.swift */; };
		9F9698E223386A3D00A2A848 /* AllChatTableController.swift in Sources */ = {isa = PBXBuildFile; fileRef = 9F9698E123386A3D00A2A848 /* AllChatTableController.swift */; };
		9FBDA3702331D3EB00941D85 /* LoginViewController.swift in Sources */ = {isa = PBXBuildFile; fileRef = 9FBDA36F2331D3EB00941D85 /* LoginViewController.swift */; };
		9FBDA3742331F90E00941D85 /* RegisterViewController.swift in Sources */ = {isa = PBXBuildFile; fileRef = 9FBDA3732331F90E00941D85 /* RegisterViewController.swift */; };
		9FBDA37A2332721800941D85 /* CustomMessageCell.swift in Sources */ = {isa = PBXBuildFile; fileRef = 9FBDA3782332721800941D85 /* CustomMessageCell.swift */; };
		9FBDA37B2332721800941D85 /* MessageCell.xib in Resources */ = {isa = PBXBuildFile; fileRef = 9FBDA3792332721800941D85 /* MessageCell.xib */; };
		9FBDA37D2332764200941D85 /* Message.swift in Sources */ = {isa = PBXBuildFile; fileRef = 9FBDA37C2332764200941D85 /* Message.swift */; };
		9FBDA37F23327AA600941D85 /* ChatViewController.swift in Sources */ = {isa = PBXBuildFile; fileRef = 9FBDA37E23327AA600941D85 /* ChatViewController.swift */; };
		9FC1CD7623304CDD0066D225 /* AppDelegate.swift in Sources */ = {isa = PBXBuildFile; fileRef = 9FC1CD7523304CDD0066D225 /* AppDelegate.swift */; };
		9FC1CD7823304CDD0066D225 /* CatProfileViewController.swift in Sources */ = {isa = PBXBuildFile; fileRef = 9FC1CD7723304CDD0066D225 /* CatProfileViewController.swift */; };
		9FC1CD7B23304CDD0066D225 /* Main.storyboard in Resources */ = {isa = PBXBuildFile; fileRef = 9FC1CD7923304CDD0066D225 /* Main.storyboard */; };
		9FC1CD7D23304CDF0066D225 /* Assets.xcassets in Resources */ = {isa = PBXBuildFile; fileRef = 9FC1CD7C23304CDF0066D225 /* Assets.xcassets */; };
		9FC1CD8023304CDF0066D225 /* LaunchScreen.storyboard in Resources */ = {isa = PBXBuildFile; fileRef = 9FC1CD7E23304CDF0066D225 /* LaunchScreen.storyboard */; };
		9FC1CD882330555A0066D225 /* CatCollectionViewCell.swift in Sources */ = {isa = PBXBuildFile; fileRef = 9FC1CD872330555A0066D225 /* CatCollectionViewCell.swift */; };
		9FC1CD8A233059470066D225 /* CatProfile.swift in Sources */ = {isa = PBXBuildFile; fileRef = 9FC1CD89233059470066D225 /* CatProfile.swift */; };
		D272D3E624D7AF3A0951D36E /* Pods_CarouselEffect.framework in Frameworks */ = {isa = PBXBuildFile; fileRef = 4E08B1BFB8A0117A1A276348 /* Pods_CarouselEffect.framework */; };
/* End PBXBuildFile section */

/* Begin PBXFileReference section */
		025F0C0F4F4D16589A701D15 /* Pods-CarouselEffect.debug.xcconfig */ = {isa = PBXFileReference; includeInIndex = 1; lastKnownFileType = text.xcconfig; name = "Pods-CarouselEffect.debug.xcconfig"; path = "Target Support Files/Pods-CarouselEffect/Pods-CarouselEffect.debug.xcconfig"; sourceTree = "<group>"; };
		4E08B1BFB8A0117A1A276348 /* Pods_CarouselEffect.framework */ = {isa = PBXFileReference; explicitFileType = wrapper.framework; includeInIndex = 0; path = Pods_CarouselEffect.framework; sourceTree = BUILT_PRODUCTS_DIR; };
		97BA3948B525BBD63B09DF49 /* Pods-CarouselEffect.release.xcconfig */ = {isa = PBXFileReference; includeInIndex = 1; lastKnownFileType = text.xcconfig; name = "Pods-CarouselEffect.release.xcconfig"; path = "Target Support Files/Pods-CarouselEffect/Pods-CarouselEffect.release.xcconfig"; sourceTree = "<group>"; };
		9F03FFD8233331B0004C73F7 /* GoogleService-Info.plist */ = {isa = PBXFileReference; fileEncoding = 4; lastKnownFileType = text.plist.xml; path = "GoogleService-Info.plist"; sourceTree = "<group>"; };
		9F9698D923384A1F00A2A848 /* CustomAllChatCell.swift */ = {isa = PBXFileReference; lastKnownFileType = sourcecode.swift; path = CustomAllChatCell.swift; sourceTree = "<group>"; };
		9F9698DA23384A1F00A2A848 /* CustomAllChatCell.xib */ = {isa = PBXFileReference; lastKnownFileType = file.xib; path = CustomAllChatCell.xib; sourceTree = "<group>"; };
		9F9698DF2338554A00A2A848 /* ChatList.swift */ = {isa = PBXFileReference; lastKnownFileType = sourcecode.swift; path = ChatList.swift; sourceTree = "<group>"; };
		9F9698E123386A3D00A2A848 /* AllChatTableController.swift */ = {isa = PBXFileReference; lastKnownFileType = sourcecode.swift; path = AllChatTableController.swift; sourceTree = "<group>"; };
		9FBDA36F2331D3EB00941D85 /* LoginViewController.swift */ = {isa = PBXFileReference; lastKnownFileType = sourcecode.swift; path = LoginViewController.swift; sourceTree = "<group>"; };
		9FBDA3732331F90E00941D85 /* RegisterViewController.swift */ = {isa = PBXFileReference; lastKnownFileType = sourcecode.swift; path = RegisterViewController.swift; sourceTree = "<group>"; };
		9FBDA3782332721800941D85 /* CustomMessageCell.swift */ = {isa = PBXFileReference; lastKnownFileType = sourcecode.swift; path = CustomMessageCell.swift; sourceTree = "<group>"; };
		9FBDA3792332721800941D85 /* MessageCell.xib */ = {isa = PBXFileReference; lastKnownFileType = file.xib; path = MessageCell.xib; sourceTree = "<group>"; };
		9FBDA37C2332764200941D85 /* Message.swift */ = {isa = PBXFileReference; lastKnownFileType = sourcecode.swift; path = Message.swift; sourceTree = "<group>"; };
		9FBDA37E23327AA600941D85 /* ChatViewController.swift */ = {isa = PBXFileReference; lastKnownFileType = sourcecode.swift; path = ChatViewController.swift; sourceTree = "<group>"; };
		9FC1CD7223304CDD0066D225 /* CarouselEffect.app */ = {isa = PBXFileReference; explicitFileType = wrapper.application; includeInIndex = 0; path = CarouselEffect.app; sourceTree = BUILT_PRODUCTS_DIR; };
		9FC1CD7523304CDD0066D225 /* AppDelegate.swift */ = {isa = PBXFileReference; lastKnownFileType = sourcecode.swift; path = AppDelegate.swift; sourceTree = "<group>"; };
		9FC1CD7723304CDD0066D225 /* CatProfileViewController.swift */ = {isa = PBXFileReference; lastKnownFileType = sourcecode.swift; path = CatProfileViewController.swift; sourceTree = "<group>"; };
		9FC1CD7A23304CDD0066D225 /* Base */ = {isa = PBXFileReference; lastKnownFileType = file.storyboard; name = Base; path = Base.lproj/Main.storyboard; sourceTree = "<group>"; };
		9FC1CD7C23304CDF0066D225 /* Assets.xcassets */ = {isa = PBXFileReference; lastKnownFileType = folder.assetcatalog; path = Assets.xcassets; sourceTree = "<group>"; };
		9FC1CD7F23304CDF0066D225 /* Base */ = {isa = PBXFileReference; lastKnownFileType = file.storyboard; name = Base; path = Base.lproj/LaunchScreen.storyboard; sourceTree = "<group>"; };
		9FC1CD8123304CDF0066D225 /* Info.plist */ = {isa = PBXFileReference; lastKnownFileType = text.plist.xml; path = Info.plist; sourceTree = "<group>"; };
		9FC1CD872330555A0066D225 /* CatCollectionViewCell.swift */ = {isa = PBXFileReference; lastKnownFileType = sourcecode.swift; path = CatCollectionViewCell.swift; sourceTree = "<group>"; };
		9FC1CD89233059470066D225 /* CatProfile.swift */ = {isa = PBXFileReference; lastKnownFileType = sourcecode.swift; path = CatProfile.swift; sourceTree = "<group>"; };
/* End PBXFileReference section */

/* Begin PBXFrameworksBuildPhase section */
		9FC1CD6F23304CDD0066D225 /* Frameworks */ = {
			isa = PBXFrameworksBuildPhase;
			buildActionMask = 2147483647;
			files = (
				D272D3E624D7AF3A0951D36E /* Pods_CarouselEffect.framework in Frameworks */,
			);
			runOnlyForDeploymentPostprocessing = 0;
		};
/* End PBXFrameworksBuildPhase section */

/* Begin PBXGroup section */
		597D209FD7B83C404505330D /* Frameworks */ = {
			isa = PBXGroup;
			children = (
				4E08B1BFB8A0117A1A276348 /* Pods_CarouselEffect.framework */,
			);
			name = Frameworks;
			sourceTree = "<group>";
		};
		9FBDA36C2331CDB700941D85 /* Controller */ = {
			isa = PBXGroup;
			children = (
				9FC1CD7723304CDD0066D225 /* CatProfileViewController.swift */,
				9FBDA37E23327AA600941D85 /* ChatViewController.swift */,
				9FBDA36F2331D3EB00941D85 /* LoginViewController.swift */,
				9FBDA3732331F90E00941D85 /* RegisterViewController.swift */,
				9F9698E123386A3D00A2A848 /* AllChatTableController.swift */,
			);
			path = Controller;
			sourceTree = "<group>";
		};
		9FBDA36D2331CDD000941D85 /* View */ = {
			isa = PBXGroup;
			children = (
				9FC1CD7923304CDD0066D225 /* Main.storyboard */,
				9FC1CD872330555A0066D225 /* CatCollectionViewCell.swift */,
				9FBDA3752332711F00941D85 /* Custom cell */,
			);
			path = View;
			sourceTree = "<group>";
		};
		9FBDA36E2331CDE800941D85 /* Model */ = {
			isa = PBXGroup;
			children = (
				9FC1CD89233059470066D225 /* CatProfile.swift */,
				9FBDA37C2332764200941D85 /* Message.swift */,
				9F9698DF2338554A00A2A848 /* ChatList.swift */,
			);
			path = Model;
			sourceTree = "<group>";
		};
		9FBDA3752332711F00941D85 /* Custom cell */ = {
			isa = PBXGroup;
			children = (
				9FBDA3782332721800941D85 /* CustomMessageCell.swift */,
				9FBDA3792332721800941D85 /* MessageCell.xib */,
				9F9698D923384A1F00A2A848 /* CustomAllChatCell.swift */,
				9F9698DA23384A1F00A2A848 /* CustomAllChatCell.xib */,
			);
			path = "Custom cell";
			sourceTree = "<group>";
		};
		9FC1CD6923304CDD0066D225 = {
			isa = PBXGroup;
			children = (
				9FC1CD7423304CDD0066D225 /* CarouselEffect */,
				9FC1CD7323304CDD0066D225 /* Products */,
				D0E5FA2F7C999CDC9AD1710A /* Pods */,
				597D209FD7B83C404505330D /* Frameworks */,
			);
			sourceTree = "<group>";
		};
		9FC1CD7323304CDD0066D225 /* Products */ = {
			isa = PBXGroup;
			children = (
				9FC1CD7223304CDD0066D225 /* CarouselEffect.app */,
			);
			name = Products;
			sourceTree = "<group>";
		};
		9FC1CD7423304CDD0066D225 /* CarouselEffect */ = {
			isa = PBXGroup;
			children = (
				9FBDA36E2331CDE800941D85 /* Model */,
				9FBDA36D2331CDD000941D85 /* View */,
				9FBDA36C2331CDB700941D85 /* Controller */,
				9FC1CD7523304CDD0066D225 /* AppDelegate.swift */,
				9FC1CD7C23304CDF0066D225 /* Assets.xcassets */,
				9FC1CD7E23304CDF0066D225 /* LaunchScreen.storyboard */,
				9F03FFD8233331B0004C73F7 /* GoogleService-Info.plist */,
				9FC1CD8123304CDF0066D225 /* Info.plist */,
			);
			path = CarouselEffect;
			sourceTree = "<group>";
		};
		D0E5FA2F7C999CDC9AD1710A /* Pods */ = {
			isa = PBXGroup;
			children = (
				025F0C0F4F4D16589A701D15 /* Pods-CarouselEffect.debug.xcconfig */,
				97BA3948B525BBD63B09DF49 /* Pods-CarouselEffect.release.xcconfig */,
			);
			path = Pods;
			sourceTree = "<group>";
		};
/* End PBXGroup section */

/* Begin PBXNativeTarget section */
		9FC1CD7123304CDD0066D225 /* CarouselEffect */ = {
			isa = PBXNativeTarget;
			buildConfigurationList = 9FC1CD8423304CDF0066D225 /* Build configuration list for PBXNativeTarget "CarouselEffect" */;
			buildPhases = (
				6885A24100FA8E5EE1E0AA10 /* [CP] Check Pods Manifest.lock */,
				9FC1CD6E23304CDD0066D225 /* Sources */,
				9FC1CD6F23304CDD0066D225 /* Frameworks */,
				9FC1CD7023304CDD0066D225 /* Resources */,
				840A6B2A8DAFA54B71A5011F /* [CP] Embed Pods Frameworks */,
			);
			buildRules = (
			);
			dependencies = (
			);
			name = CarouselEffect;
			productName = CarouselEffect;
			productReference = 9FC1CD7223304CDD0066D225 /* CarouselEffect.app */;
			productType = "com.apple.product-type.application";
		};
/* End PBXNativeTarget section */

/* Begin PBXProject section */
		9FC1CD6A23304CDD0066D225 /* Project object */ = {
			isa = PBXProject;
			attributes = {
				LastSwiftUpdateCheck = 1030;
				LastUpgradeCheck = 1030;
				ORGANIZATIONNAME = Mirzayantie;
				TargetAttributes = {
					9FC1CD7123304CDD0066D225 = {
						CreatedOnToolsVersion = 10.3;
					};
				};
			};
			buildConfigurationList = 9FC1CD6D23304CDD0066D225 /* Build configuration list for PBXProject "CarouselEffect" */;
			compatibilityVersion = "Xcode 9.3";
			developmentRegion = en;
			hasScannedForEncodings = 0;
			knownRegions = (
				en,
				Base,
			);
			mainGroup = 9FC1CD6923304CDD0066D225;
			productRefGroup = 9FC1CD7323304CDD0066D225 /* Products */;
			projectDirPath = "";
			projectRoot = "";
			targets = (
				9FC1CD7123304CDD0066D225 /* CarouselEffect */,
			);
		};
/* End PBXProject section */

/* Begin PBXResourcesBuildPhase section */
		9FC1CD7023304CDD0066D225 /* Resources */ = {
			isa = PBXResourcesBuildPhase;
			buildActionMask = 2147483647;
			files = (
				9FC1CD8023304CDF0066D225 /* LaunchScreen.storyboard in Resources */,
				9FC1CD7D23304CDF0066D225 /* Assets.xcassets in Resources */,
				9F03FFD9233331B0004C73F7 /* GoogleService-Info.plist in Resources */,
				9FBDA37B2332721800941D85 /* MessageCell.xib in Resources */,
				9F9698DC23384A1F00A2A848 /* CustomAllChatCell.xib in Resources */,
				9FC1CD7B23304CDD0066D225 /* Main.storyboard in Resources */,
			);
			runOnlyForDeploymentPostprocessing = 0;
		};
/* End PBXResourcesBuildPhase section */

/* Begin PBXShellScriptBuildPhase section */
		6885A24100FA8E5EE1E0AA10 /* [CP] Check Pods Manifest.lock */ = {
			isa = PBXShellScriptBuildPhase;
			buildActionMask = 2147483647;
			files = (
			);
			inputFileListPaths = (
			);
			inputPaths = (
				"${PODS_PODFILE_DIR_PATH}/Podfile.lock",
				"${PODS_ROOT}/Manifest.lock",
			);
			name = "[CP] Check Pods Manifest.lock";
			outputFileListPaths = (
			);
			outputPaths = (
				"$(DERIVED_FILE_DIR)/Pods-CarouselEffect-checkManifestLockResult.txt",
			);
			runOnlyForDeploymentPostprocessing = 0;
			shellPath = /bin/sh;
			shellScript = "diff \"${PODS_PODFILE_DIR_PATH}/Podfile.lock\" \"${PODS_ROOT}/Manifest.lock\" > /dev/null\nif [ $? != 0 ] ; then\n    # print error to STDERR\n    echo \"error: The sandbox is not in sync with the Podfile.lock. Run 'pod install' or update your CocoaPods installation.\" >&2\n    exit 1\nfi\n# This output is used by Xcode 'outputs' to avoid re-running this script phase.\necho \"SUCCESS\" > \"${SCRIPT_OUTPUT_FILE_0}\"\n";
			showEnvVarsInLog = 0;
		};
		840A6B2A8DAFA54B71A5011F /* [CP] Embed Pods Frameworks */ = {
			isa = PBXShellScriptBuildPhase;
			buildActionMask = 2147483647;
			files = (
			);
			inputFileListPaths = (
				"${PODS_ROOT}/Target Support Files/Pods-CarouselEffect/Pods-CarouselEffect-frameworks-${CONFIGURATION}-input-files.xcfilelist",
			);
			name = "[CP] Embed Pods Frameworks";
			outputFileListPaths = (
				"${PODS_ROOT}/Target Support Files/Pods-CarouselEffect/Pods-CarouselEffect-frameworks-${CONFIGURATION}-output-files.xcfilelist",
			);
			runOnlyForDeploymentPostprocessing = 0;
			shellPath = /bin/sh;
			shellScript = "\"${PODS_ROOT}/Target Support Files/Pods-CarouselEffect/Pods-CarouselEffect-frameworks.sh\"\n";
			showEnvVarsInLog = 0;
		};
/* End PBXShellScriptBuildPhase section */

/* Begin PBXSourcesBuildPhase section */
		9FC1CD6E23304CDD0066D225 /* Sources */ = {
			isa = PBXSourcesBuildPhase;
			buildActionMask = 2147483647;
			files = (
				9F9698E223386A3D00A2A848 /* AllChatTableController.swift in Sources */,
				9FBDA37A2332721800941D85 /* CustomMessageCell.swift in Sources */,
				9F9698E02338554A00A2A848 /* ChatList.swift in Sources */,
				9FC1CD8A233059470066D225 /* CatProfile.swift in Sources */,
				9F9698DB23384A1F00A2A848 /* CustomAllChatCell.swift in Sources */,
				9FC1CD7823304CDD0066D225 /* CatProfileViewController.swift in Sources */,
				9FC1CD882330555A0066D225 /* CatCollectionViewCell.swift in Sources */,
				9FBDA3742331F90E00941D85 /* RegisterViewController.swift in Sources */,
				9FBDA37D2332764200941D85 /* Message.swift in Sources */,
				9FBDA3702331D3EB00941D85 /* LoginViewController.swift in Sources */,
				9FBDA37F23327AA600941D85 /* ChatViewController.swift in Sources */,
				9FC1CD7623304CDD0066D225 /* AppDelegate.swift in Sources */,
			);
			runOnlyForDeploymentPostprocessing = 0;
		};
/* End PBXSourcesBuildPhase section */

/* Begin PBXVariantGroup section */
		9FC1CD7923304CDD0066D225 /* Main.storyboard */ = {
			isa = PBXVariantGroup;
			children = (
				9FC1CD7A23304CDD0066D225 /* Base */,
			);
			name = Main.storyboard;
			sourceTree = "<group>";
		};
		9FC1CD7E23304CDF0066D225 /* LaunchScreen.storyboard */ = {
			isa = PBXVariantGroup;
			children = (
				9FC1CD7F23304CDF0066D225 /* Base */,
			);
			name = LaunchScreen.storyboard;
			sourceTree = "<group>";
		};
/* End PBXVariantGroup section */

/* Begin XCBuildConfiguration section */
		9FC1CD8223304CDF0066D225 /* Debug */ = {
			isa = XCBuildConfiguration;
			buildSettings = {
				ALWAYS_SEARCH_USER_PATHS = NO;
				CLANG_ANALYZER_NONNULL = YES;
				CLANG_ANALYZER_NUMBER_OBJECT_CONVERSION = YES_AGGRESSIVE;
				CLANG_CXX_LANGUAGE_STANDARD = "gnu++14";
				CLANG_CXX_LIBRARY = "libc++";
				CLANG_ENABLE_MODULES = YES;
				CLANG_ENABLE_OBJC_ARC = YES;
				CLANG_ENABLE_OBJC_WEAK = YES;
				CLANG_WARN_BLOCK_CAPTURE_AUTORELEASING = YES;
				CLANG_WARN_BOOL_CONVERSION = YES;
				CLANG_WARN_COMMA = YES;
				CLANG_WARN_CONSTANT_CONVERSION = YES;
				CLANG_WARN_DEPRECATED_OBJC_IMPLEMENTATIONS = YES;
				CLANG_WARN_DIRECT_OBJC_ISA_USAGE = YES_ERROR;
				CLANG_WARN_DOCUMENTATION_COMMENTS = YES;
				CLANG_WARN_EMPTY_BODY = YES;
				CLANG_WARN_ENUM_CONVERSION = YES;
				CLANG_WARN_INFINITE_RECURSION = YES;
				CLANG_WARN_INT_CONVERSION = YES;
				CLANG_WARN_NON_LITERAL_NULL_CONVERSION = YES;
				CLANG_WARN_OBJC_IMPLICIT_RETAIN_SELF = YES;
				CLANG_WARN_OBJC_LITERAL_CONVERSION = YES;
				CLANG_WARN_OBJC_ROOT_CLASS = YES_ERROR;
				CLANG_WARN_RANGE_LOOP_ANALYSIS = YES;
				CLANG_WARN_STRICT_PROTOTYPES = YES;
				CLANG_WARN_SUSPICIOUS_MOVE = YES;
				CLANG_WARN_UNGUARDED_AVAILABILITY = YES_AGGRESSIVE;
				CLANG_WARN_UNREACHABLE_CODE = YES;
				CLANG_WARN__DUPLICATE_METHOD_MATCH = YES;
				CODE_SIGN_IDENTITY = "iPhone Developer";
				COPY_PHASE_STRIP = NO;
				DEBUG_INFORMATION_FORMAT = dwarf;
				ENABLE_STRICT_OBJC_MSGSEND = YES;
				ENABLE_TESTABILITY = YES;
				GCC_C_LANGUAGE_STANDARD = gnu11;
				GCC_DYNAMIC_NO_PIC = NO;
				GCC_NO_COMMON_BLOCKS = YES;
				GCC_OPTIMIZATION_LEVEL = 0;
				GCC_PREPROCESSOR_DEFINITIONS = (
					"DEBUG=1",
					"$(inherited)",
				);
				GCC_WARN_64_TO_32_BIT_CONVERSION = YES;
				GCC_WARN_ABOUT_RETURN_TYPE = YES_ERROR;
				GCC_WARN_UNDECLARED_SELECTOR = YES;
				GCC_WARN_UNINITIALIZED_AUTOS = YES_AGGRESSIVE;
				GCC_WARN_UNUSED_FUNCTION = YES;
				GCC_WARN_UNUSED_VARIABLE = YES;
				IPHONEOS_DEPLOYMENT_TARGET = 12.4;
				MTL_ENABLE_DEBUG_INFO = INCLUDE_SOURCE;
				MTL_FAST_MATH = YES;
				ONLY_ACTIVE_ARCH = YES;
				SDKROOT = iphoneos;
				SWIFT_ACTIVE_COMPILATION_CONDITIONS = DEBUG;
				SWIFT_OPTIMIZATION_LEVEL = "-Onone";
			};
			name = Debug;
		};
		9FC1CD8323304CDF0066D225 /* Release */ = {
			isa = XCBuildConfiguration;
			buildSettings = {
				ALWAYS_SEARCH_USER_PATHS = NO;
				CLANG_ANALYZER_NONNULL = YES;
				CLANG_ANALYZER_NUMBER_OBJECT_CONVERSION = YES_AGGRESSIVE;
				CLANG_CXX_LANGUAGE_STANDARD = "gnu++14";
				CLANG_CXX_LIBRARY = "libc++";
				CLANG_ENABLE_MODULES = YES;
				CLANG_ENABLE_OBJC_ARC = YES;
				CLANG_ENABLE_OBJC_WEAK = YES;
				CLANG_WARN_BLOCK_CAPTURE_AUTORELEASING = YES;
				CLANG_WARN_BOOL_CONVERSION = YES;
				CLANG_WARN_COMMA = YES;
				CLANG_WARN_CONSTANT_CONVERSION = YES;
				CLANG_WARN_DEPRECATED_OBJC_IMPLEMENTATIONS = YES;
				CLANG_WARN_DIRECT_OBJC_ISA_USAGE = YES_ERROR;
				CLANG_WARN_DOCUMENTATION_COMMENTS = YES;
				CLANG_WARN_EMPTY_BODY = YES;
				CLANG_WARN_ENUM_CONVERSION = YES;
				CLANG_WARN_INFINITE_RECURSION = YES;
				CLANG_WARN_INT_CONVERSION = YES;
				CLANG_WARN_NON_LITERAL_NULL_CONVERSION = YES;
				CLANG_WARN_OBJC_IMPLICIT_RETAIN_SELF = YES;
				CLANG_WARN_OBJC_LITERAL_CONVERSION = YES;
				CLANG_WARN_OBJC_ROOT_CLASS = YES_ERROR;
				CLANG_WARN_RANGE_LOOP_ANALYSIS = YES;
				CLANG_WARN_STRICT_PROTOTYPES = YES;
				CLANG_WARN_SUSPICIOUS_MOVE = YES;
				CLANG_WARN_UNGUARDED_AVAILABILITY = YES_AGGRESSIVE;
				CLANG_WARN_UNREACHABLE_CODE = YES;
				CLANG_WARN__DUPLICATE_METHOD_MATCH = YES;
				CODE_SIGN_IDENTITY = "iPhone Developer";
				COPY_PHASE_STRIP = NO;
				DEBUG_INFORMATION_FORMAT = "dwarf-with-dsym";
				ENABLE_NS_ASSERTIONS = NO;
				ENABLE_STRICT_OBJC_MSGSEND = YES;
				GCC_C_LANGUAGE_STANDARD = gnu11;
				GCC_NO_COMMON_BLOCKS = YES;
				GCC_WARN_64_TO_32_BIT_CONVERSION = YES;
				GCC_WARN_ABOUT_RETURN_TYPE = YES_ERROR;
				GCC_WARN_UNDECLARED_SELECTOR = YES;
				GCC_WARN_UNINITIALIZED_AUTOS = YES_AGGRESSIVE;
				GCC_WARN_UNUSED_FUNCTION = YES;
				GCC_WARN_UNUSED_VARIABLE = YES;
				IPHONEOS_DEPLOYMENT_TARGET = 12.4;
				MTL_ENABLE_DEBUG_INFO = NO;
				MTL_FAST_MATH = YES;
				SDKROOT = iphoneos;
				SWIFT_COMPILATION_MODE = wholemodule;
				SWIFT_OPTIMIZATION_LEVEL = "-O";
				VALIDATE_PRODUCT = YES;
			};
			name = Release;
		};
		9FC1CD8523304CDF0066D225 /* Debug */ = {
			isa = XCBuildConfiguration;
			baseConfigurationReference = 025F0C0F4F4D16589A701D15 /* Pods-CarouselEffect.debug.xcconfig */;
			buildSettings = {
				ASSETCATALOG_COMPILER_APPICON_NAME = AppIcon;
				CODE_SIGN_STYLE = Automatic;
				DEVELOPMENT_TEAM = U2936439QH;
				INFOPLIST_FILE = CarouselEffect/Info.plist;
				LD_RUNPATH_SEARCH_PATHS = (
					"$(inherited)",
					"@executable_path/Frameworks",
				);
				PRODUCT_BUNDLE_IDENTIFIER = com.Mirzayantie.CarouselEffect;
				PRODUCT_NAME = "$(TARGET_NAME)";
				SWIFT_VERSION = 5.0;
				TARGETED_DEVICE_FAMILY = "1,2";
			};
			name = Debug;
		};
		9FC1CD8623304CDF0066D225 /* Release */ = {
			isa = XCBuildConfiguration;
			baseConfigurationReference = 97BA3948B525BBD63B09DF49 /* Pods-CarouselEffect.release.xcconfig */;
			buildSettings = {
				ASSETCATALOG_COMPILER_APPICON_NAME = AppIcon;
				CODE_SIGN_STYLE = Automatic;
				DEVELOPMENT_TEAM = U2936439QH;
				INFOPLIST_FILE = CarouselEffect/Info.plist;
				LD_RUNPATH_SEARCH_PATHS = (
					"$(inherited)",
					"@executable_path/Frameworks",
				);
				PRODUCT_BUNDLE_IDENTIFIER = com.Mirzayantie.CarouselEffect;
				PRODUCT_NAME = "$(TARGET_NAME)";
				SWIFT_VERSION = 5.0;
				TARGETED_DEVICE_FAMILY = "1,2";
			};
			name = Release;
		};
/* End XCBuildConfiguration section */

/* Begin XCConfigurationList section */
		9FC1CD6D23304CDD0066D225 /* Build configuration list for PBXProject "CarouselEffect" */ = {
			isa = XCConfigurationList;
			buildConfigurations = (
				9FC1CD8223304CDF0066D225 /* Debug */,
				9FC1CD8323304CDF0066D225 /* Release */,
			);
			defaultConfigurationIsVisible = 0;
			defaultConfigurationName = Release;
		};
		9FC1CD8423304CDF0066D225 /* Build configuration list for PBXNativeTarget "CarouselEffect" */ = {
			isa = XCConfigurationList;
			buildConfigurations = (
				9FC1CD8523304CDF0066D225 /* Debug */,
				9FC1CD8623304CDF0066D225 /* Release */,
			);
			defaultConfigurationIsVisible = 0;
			defaultConfigurationName = Release;
		};
/* End XCConfigurationList section */
	};
	rootObject = 9FC1CD6A23304CDD0066D225 /* Project object */;
}
